using System;

namespace Projeto_1__CSharp
{
    class Program
    {
        static void Main(string[] args)
        {
            Console.Write("Olá ");
            Console.WriteLine("mundo !");
            Console.Write("Entre com seu nome: ");
            String nome = Console.ReadLine();
            Console.Write("Bom dia, ");
            Console.Write(nome);
            Console.WriteLine("!");
        }
    }
}
